
Microsoft Visual Studio Solution File, Format Version 12.00
# Visual Studio 15
VisualStudioVersion = 15.0.28307.779
MinimumVisualStudioVersion = 10.0.40219.1
Project("{9A19103F-16F7-4668-BE54-9A1E7A4F7556}") = "DK.Web", "DK.Web\DK.Web.csproj", "{A2FD0BA6-B2F5-4BC2-A90A-E47724333D3B}"
EndProject
Project("{9A19103F-16F7-4668-BE54-9A1E7A4F7556}") = "DK.DataAccess", "DK.Dal\DK.DataAccess.csproj", "{F0758183-F85F-4EA4-A978-F6112E8AE090}"
EndProject
Project("{9A19103F-16F7-4668-BE54-9A1E7A4F7556}") = "DK.BusinessLogic", "DK.BusinessLogic\DK.BusinessLogic.csproj", "{53F25829-FB16-4CA0-AC80-377822855DBA}"
EndProject
Project("{FAE04EC0-301F-11D3-BF4B-00C04F79EFBC}") = "DK.Core", "DK.Core\DK.Core.csproj", "{A103A82A-BBC5-4293-9A89-ECAA4D41F10B}"
EndProject
Global
	GlobalSection(SolutionConfigurationPlatforms) = preSolution
		Debug|Any CPU = Debug|Any CPU
		Release|Any CPU = Release|Any CPU
	EndGlobalSection
	GlobalSection(ProjectConfigurationPlatforms) = postSolution
		{A2FD0BA6-B2F5-4BC2-A90A-E47724333D3B}.Debug|Any CPU.ActiveCfg = Debug|Any CPU
		{A2FD0BA6-B2F5-4BC2-A90A-E47724333D3B}.Debug|Any CPU.Build.0 = Debug|Any CPU
		{A2FD0BA6-B2F5-4BC2-A90A-E47724333D3B}.Release|Any CPU.ActiveCfg = Release|Any CPU
		{A2FD0BA6-B2F5-4BC2-A90A-E47724333D3B}.Release|Any CPU.Build.0 = Release|Any CPU
		{F0758183-F85F-4EA4-A978-F6112E8AE090}.Debug|Any CPU.ActiveCfg = Debug|Any CPU
		{F0758183-F85F-4EA4-A978-F6112E8AE090}.Debug|Any CPU.Build.0 = Debug|Any CPU
		{F0758183-F85F-4EA4-A978-F6112E8AE090}.Release|Any CPU.ActiveCfg = Release|Any CPU
		{F0758183-F85F-4EA4-A978-F6112E8AE090}.Release|Any CPU.Build.0 = Release|Any CPU
		{53F25829-FB16-4CA0-AC80-377822855DBA}.Debug|Any CPU.ActiveCfg = Debug|Any CPU
		{53F25829-FB16-4CA0-AC80-377822855DBA}.Debug|Any CPU.Build.0 = Debug|Any CPU
		{53F25829-FB16-4CA0-AC80-377822855DBA}.Release|Any CPU.ActiveCfg = Release|Any CPU
		{53F25829-FB16-4CA0-AC80-377822855DBA}.Release|Any CPU.Build.0 = Release|Any CPU
		{A103A82A-BBC5-4293-9A89-ECAA4D41F10B}.Debug|Any CPU.ActiveCfg = Debug|Any CPU
		{A103A82A-BBC5-4293-9A89-ECAA4D41F10B}.Debug|Any CPU.Build.0 = Debug|Any CPU
		{A103A82A-BBC5-4293-9A89-ECAA4D41F10B}.Release|Any CPU.ActiveCfg = Release|Any CPU
		{A103A82A-BBC5-4293-9A89-ECAA4D41F10B}.Release|Any CPU.Build.0 = Release|Any CPU
	EndGlobalSection
	GlobalSection(SolutionProperties) = preSolution
		HideSolutionNode = FALSE
	EndGlobalSection
	GlobalSection(ExtensibilityGlobals) = postSolution
		SolutionGuid = {0C5847D1-4278-4CCB-A2F5-572870BC8E98}
	EndGlobalSection
EndGlobal
